// !$*UTF8*$!
{
	archiveVersion = 1;
	classes = {
	};
	objectVersion = 51;
	objects = {

/* Begin PBXBuildFile section */
		4B32E0EF2291BE0900E6601D /* AppDelegate.swift in Sources */ = {isa = PBXBuildFile; fileRef = 4B32E0EE2291BE0900E6601D /* AppDelegate.swift */; };
		4B32E0F42291BE0900E6601D /* Main.storyboard in Resources */ = {isa = PBXBuildFile; fileRef = 4B32E0F22291BE0900E6601D /* Main.storyboard */; };
		4B32E0F62291BE0A00E6601D /* Assets.xcassets in Resources */ = {isa = PBXBuildFile; fileRef = 4B32E0F52291BE0A00E6601D /* Assets.xcassets */; };
		4B32E0F92291BE0A00E6601D /* LaunchScreen.storyboard in Resources */ = {isa = PBXBuildFile; fileRef = 4B32E0F72291BE0A00E6601D /* LaunchScreen.storyboard */; };
		4B32E1012291BF3300E6601D /* NotesTableViewController.swift in Sources */ = {isa = PBXBuildFile; fileRef = 4B32E1002291BF3300E6601D /* NotesTableViewController.swift */; };
		4B32E1032291BF7800E6601D /* NoteTableViewCell.swift in Sources */ = {isa = PBXBuildFile; fileRef = 4B32E1022291BF7800E6601D /* NoteTableViewCell.swift */; };
		4B32E1052291BFCA00E6601D /* EditViewController.swift in Sources */ = {isa = PBXBuildFile; fileRef = 4B32E1042291BFCA00E6601D /* EditViewController.swift */; };
		4B32E1072291BFFE00E6601D /* SaveViewController.swift in Sources */ = {isa = PBXBuildFile; fileRef = 4B32E1062291BFFE00E6601D /* SaveViewController.swift */; };
		4B32E1092291C01200E6601D /* RealmManager.swift in Sources */ = {isa = PBXBuildFile; fileRef = 4B32E1082291C01200E6601D /* RealmManager.swift */; };
		4B32E10B2291C04C00E6601D /* NoteList.swift in Sources */ = {isa = PBXBuildFile; fileRef = 4B32E10A2291C04C00E6601D /* NoteList.swift */; };
		4B32E10D2291C06F00E6601D /* DateAndTime.swift in Sources */ = {isa = PBXBuildFile; fileRef = 4B32E10C2291C06F00E6601D /* DateAndTime.swift */; };
		9E6F9AD6F965FC53FBCF5610 /* Pods_AppNotes.framework in Frameworks */ = {isa = PBXBuildFile; fileRef = F327531190BAEA4C37EA18FD /* Pods_AppNotes.framework */; };
/* End PBXBuildFile section */

/* Begin PBXFileReference section */
		3B99D6EE3FFD8737FD7849B2 /* Pods-AppNotes.release.xcconfig */ = {isa = PBXFileReference; includeInIndex = 1; lastKnownFileType = text.xcconfig; name = "Pods-AppNotes.release.xcconfig"; path = "Target Support Files/Pods-AppNotes/Pods-AppNotes.release.xcconfig"; sourceTree = "<group>"; };
		4B32E0EB2291BE0900E6601D /* AppNotes.app */ = {isa = PBXFileReference; explicitFileType = wrapper.application; includeInIndex = 0; path = AppNotes.app; sourceTree = BUILT_PRODUCTS_DIR; };
		4B32E0EE2291BE0900E6601D /* AppDelegate.swift */ = {isa = PBXFileReference; lastKnownFileType = sourcecode.swift; path = AppDelegate.swift; sourceTree = "<group>"; };
		4B32E0F32291BE0900E6601D /* Base */ = {isa = PBXFileReference; lastKnownFileType = file.storyboard; name = Base; path = Base.lproj/Main.storyboard; sourceTree = "<group>"; };
		4B32E0F52291BE0A00E6601D /* Assets.xcassets */ = {isa = PBXFileReference; lastKnownFileType = folder.assetcatalog; path = Assets.xcassets; sourceTree = "<group>"; };
		4B32E0F82291BE0A00E6601D /* Base */ = {isa = PBXFileReference; lastKnownFileType = file.storyboard; name = Base; path = Base.lproj/LaunchScreen.storyboard; sourceTree = "<group>"; };
		4B32E0FA2291BE0A00E6601D /* Info.plist */ = {isa = PBXFileReference; lastKnownFileType = text.plist.xml; path = Info.plist; sourceTree = "<group>"; };
		4B32E1002291BF3300E6601D /* NotesTableViewController.swift */ = {isa = PBXFileReference; lastKnownFileType = sourcecode.swift; path = NotesTableViewController.swift; sourceTree = "<group>"; };
		4B32E1022291BF7800E6601D /* NoteTableViewCell.swift */ = {isa = PBXFileReference; lastKnownFileType = sourcecode.swift; path = NoteTableViewCell.swift; sourceTree = "<group>"; };
		4B32E1042291BFCA00E6601D /* EditViewController.swift */ = {isa = PBXFileReference; lastKnownFileType = sourcecode.swift; path = EditViewController.swift; sourceTree = "<group>"; };
		4B32E1062291BFFE00E6601D /* SaveViewController.swift */ = {isa = PBXFileReference; lastKnownFileType = sourcecode.swift; path = SaveViewController.swift; sourceTree = "<group>"; };
		4B32E1082291C01200E6601D /* RealmManager.swift */ = {isa = PBXFileReference; lastKnownFileType = sourcecode.swift; path = RealmManager.swift; sourceTree = "<group>"; };
		4B32E10A2291C04C00E6601D /* NoteList.swift */ = {isa = PBXFileReference; lastKnownFileType = sourcecode.swift; path = NoteList.swift; sourceTree = "<group>"; };
		4B32E10C2291C06F00E6601D /* DateAndTime.swift */ = {isa = PBXFileReference; lastKnownFileType = sourcecode.swift; path = DateAndTime.swift; sourceTree = "<group>"; };
		AEE0E306695569D1DEF9F7B2 /* Pods-AppNotes.debug.xcconfig */ = {isa = PBXFileReference; includeInIndex = 1; lastKnownFileType = text.xcconfig; name = "Pods-AppNotes.debug.xcconfig"; path = "Target Support Files/Pods-AppNotes/Pods-AppNotes.debug.xcconfig"; sourceTree = "<group>"; };
		F327531190BAEA4C37EA18FD /* Pods_AppNotes.framework */ = {isa = PBXFileReference; explicitFileType = wrapper.framework; includeInIndex = 0; path = Pods_AppNotes.framework; sourceTree = BUILT_PRODUCTS_DIR; };
/* End PBXFileReference section */

/* Begin PBXFrameworksBuildPhase section */
		4B32E0E82291BE0900E6601D /* Frameworks */ = {
			isa = PBXFrameworksBuildPhase;
			buildActionMask = 2147483647;
			files = (
				9E6F9AD6F965FC53FBCF5610 /* Pods_AppNotes.framework in Frameworks */,
			);
			runOnlyForDeploymentPostprocessing = 0;
		};
/* End PBXFrameworksBuildPhase section */

/* Begin PBXGroup section */
		4B32E0E22291BE0900E6601D = {
			isa = PBXGroup;
			children = (
				4B32E0ED2291BE0900E6601D /* AppNotes */,
				4B32E0EC2291BE0900E6601D /* Products */,
				9EB5D4185D19D04E4CE7C8C3 /* Pods */,
				FF033B2E086E1715C239B3E9 /* Frameworks */,
			);
			sourceTree = "<group>";
		};
		4B32E0EC2291BE0900E6601D /* Products */ = {
			isa = PBXGroup;
			children = (
				4B32E0EB2291BE0900E6601D /* AppNotes.app */,
			);
			name = Products;
			sourceTree = "<group>";
		};
		4B32E0ED2291BE0900E6601D /* AppNotes */ = {
			isa = PBXGroup;
			children = (
				4B32E0EE2291BE0900E6601D /* AppDelegate.swift */,
				4B32E1002291BF3300E6601D /* NotesTableViewController.swift */,
				4B32E1022291BF7800E6601D /* NoteTableViewCell.swift */,
				4B32E1042291BFCA00E6601D /* EditViewController.swift */,
				4B32E1062291BFFE00E6601D /* SaveViewController.swift */,
				4B32E10A2291C04C00E6601D /* NoteList.swift */,
				4B32E10C2291C06F00E6601D /* DateAndTime.swift */,
				4B32E1082291C01200E6601D /* RealmManager.swift */,
				4B32E0F22291BE0900E6601D /* Main.storyboard */,
				4B32E0F52291BE0A00E6601D /* Assets.xcassets */,
				4B32E0F72291BE0A00E6601D /* LaunchScreen.storyboard */,
				4B32E0FA2291BE0A00E6601D /* Info.plist */,
			);
			path = AppNotes;
			sourceTree = "<group>";
		};
		9EB5D4185D19D04E4CE7C8C3 /* Pods */ = {
			isa = PBXGroup;
			children = (
				AEE0E306695569D1DEF9F7B2 /* Pods-AppNotes.debug.xcconfig */,
				3B99D6EE3FFD8737FD7849B2 /* Pods-AppNotes.release.xcconfig */,
			);
			path = Pods;
			sourceTree = "<group>";
		};
		FF033B2E086E1715C239B3E9 /* Frameworks */ = {
			isa = PBXGroup;
			children = (
				F327531190BAEA4C37EA18FD /* Pods_AppNotes.framework */,
			);
			name = Frameworks;
			sourceTree = "<group>";
		};
/* End PBXGroup section */

/* Begin PBXNativeTarget section */
		4B32E0EA2291BE0900E6601D /* AppNotes */ = {
			isa = PBXNativeTarget;
			buildConfigurationList = 4B32E0FD2291BE0A00E6601D /* Build configuration list for PBXNativeTarget "AppNotes" */;
			buildPhases = (
				803F129D8D538949419E973D /* [CP] Check Pods Manifest.lock */,
				4B32E0E72291BE0900E6601D /* Sources */,
				4B32E0E82291BE0900E6601D /* Frameworks */,
				4B32E0E92291BE0900E6601D /* Resources */,
				1EC188AD1D78DD9B62FB375D /* [CP] Embed Pods Frameworks */,
			);
			buildRules = (
			);
			dependencies = (
			);
			name = AppNotes;
			productName = AppNotes;
			productReference = 4B32E0EB2291BE0900E6601D /* AppNotes.app */;
			productType = "com.apple.product-type.application";
		};
/* End PBXNativeTarget section */

/* Begin PBXProject section */
		4B32E0E32291BE0900E6601D /* Project object */ = {
			isa = PBXProject;
			attributes = {
				LastSwiftUpdateCheck = 1020;
				LastUpgradeCheck = 1020;
				ORGANIZATIONNAME = "Alex Kolinko";
				TargetAttributes = {
					4B32E0EA2291BE0900E6601D = {
						CreatedOnToolsVersion = 10.2.1;
					};
				};
			};
			buildConfigurationList = 4B32E0E62291BE0900E6601D /* Build configuration list for PBXProject "AppNotes" */;
			compatibilityVersion = "Xcode 9.3";
			developmentRegion = en;
			hasScannedForEncodings = 0;
			knownRegions = (
				en,
				Base,
			);
			mainGroup = 4B32E0E22291BE0900E6601D;
			productRefGroup = 4B32E0EC2291BE0900E6601D /* Products */;
			projectDirPath = "";
			projectRoot = "";
			targets = (
				4B32E0EA2291BE0900E6601D /* AppNotes */,
			);
		};
/* End PBXProject section */

/* Begin PBXResourcesBuildPhase section */
		4B32E0E92291BE0900E6601D /* Resources */ = {
			isa = PBXResourcesBuildPhase;
			buildActionMask = 2147483647;
			files = (
				4B32E0F92291BE0A00E6601D /* LaunchScreen.storyboard in Resources */,
				4B32E0F62291BE0A00E6601D /* Assets.xcassets in Resources */,
				4B32E0F42291BE0900E6601D /* Main.storyboard in Resources */,
			);
			runOnlyForDeploymentPostprocessing = 0;
		};
/* End PBXResourcesBuildPhase section */

/* Begin PBXShellScriptBuildPhase section */
		1EC188AD1D78DD9B62FB375D /* [CP] Embed Pods Frameworks */ = {
			isa = PBXShellScriptBuildPhase;
			buildActionMask = 2147483647;
			files = (
			);
			inputFileListPaths = (
				"${PODS_ROOT}/Target Support Files/Pods-AppNotes/Pods-AppNotes-frameworks-${CONFIGURATION}-input-files.xcfilelist",
			);
			name = "[CP] Embed Pods Frameworks";
			outputFileListPaths = (
				"${PODS_ROOT}/Target Support Files/Pods-AppNotes/Pods-AppNotes-frameworks-${CONFIGURATION}-output-files.xcfilelist",
			);
			runOnlyForDeploymentPostprocessing = 0;
			shellPath = /bin/sh;
			shellScript = "\"${PODS_ROOT}/Target Support Files/Pods-AppNotes/Pods-AppNotes-frameworks.sh\"\n";
			showEnvVarsInLog = 0;
		};
		803F129D8D538949419E973D /* [CP] Check Pods Manifest.lock */ = {
			isa = PBXShellScriptBuildPhase;
			buildActionMask = 2147483647;
			files = (
			);
			inputFileListPaths = (
			);
			inputPaths = (
				"${PODS_PODFILE_DIR_PATH}/Podfile.lock",
				"${PODS_ROOT}/Manifest.lock",
			);
			name = "[CP] Check Pods Manifest.lock";
			outputFileListPaths = (
			);
			outputPaths = (
				"$(DERIVED_FILE_DIR)/Pods-AppNotes-checkManifestLockResult.txt",
			);
			runOnlyForDeploymentPostprocessing = 0;
			shellPath = /bin/sh;
			shellScript = "diff \"${PODS_PODFILE_DIR_PATH}/Podfile.lock\" \"${PODS_ROOT}/Manifest.lock\" > /dev/null\nif [ $? != 0 ] ; then\n    # print error to STDERR\n    echo \"error: The sandbox is not in sync with the Podfile.lock. Run 'pod install' or update your CocoaPods installation.\" >&2\n    exit 1\nfi\n# This output is used by Xcode 'outputs' to avoid re-running this script phase.\necho \"SUCCESS\" > \"${SCRIPT_OUTPUT_FILE_0}\"\n";
			showEnvVarsInLog = 0;
		};
/* End PBXShellScriptBuildPhase section */

/* Begin PBXSourcesBuildPhase section */
		4B32E0E72291BE0900E6601D /* Sources */ = {
			isa = PBXSourcesBuildPhase;
			buildActionMask = 2147483647;
			files = (
				4B32E1052291BFCA00E6601D /* EditViewController.swift in Sources */,
				4B32E1072291BFFE00E6601D /* SaveViewController.swift in Sources */,
				4B32E0EF2291BE0900E6601D /* AppDelegate.swift in Sources */,
				4B32E1012291BF3300E6601D /* NotesTableViewController.swift in Sources */,
				4B32E10D2291C06F00E6601D /* DateAndTime.swift in Sources */,
				4B32E10B2291C04C00E6601D /* NoteList.swift in Sources */,
				4B32E1032291BF7800E6601D /* NoteTableViewCell.swift in Sources */,
				4B32E1092291C01200E6601D /* RealmManager.swift in Sources */,
			);
			runOnlyForDeploymentPostprocessing = 0;
		};
/* End PBXSourcesBuildPhase section */

/* Begin PBXVariantGroup section */
		4B32E0F22291BE0900E6601D /* Main.storyboard */ = {
			isa = PBXVariantGroup;
			children = (
				4B32E0F32291BE0900E6601D /* Base */,
			);
			name = Main.storyboard;
			sourceTree = "<group>";
		};
		4B32E0F72291BE0A00E6601D /* LaunchScreen.storyboard */ = {
			isa = PBXVariantGroup;
			children = (
				4B32E0F82291BE0A00E6601D /* Base */,
			);
			name = LaunchScreen.storyboard;
			sourceTree = "<group>";
		};
/* End PBXVariantGroup section */

/* Begin XCBuildConfiguration section */
		4B32E0FB2291BE0A00E6601D /* Debug */ = {
			isa = XCBuildConfiguration;
			buildSettings = {
				ALWAYS_SEARCH_USER_PATHS = NO;
				CLANG_ANALYZER_NONNULL = YES;
				CLANG_ANALYZER_NUMBER_OBJECT_CONVERSION = YES_AGGRESSIVE;
				CLANG_CXX_LANGUAGE_STANDARD = "gnu++14";
				CLANG_CXX_LIBRARY = "libc++";
				CLANG_ENABLE_MODULES = YES;
				CLANG_ENABLE_OBJC_ARC = YES;
				CLANG_ENABLE_OBJC_WEAK = YES;
				CLANG_WARN_BLOCK_CAPTURE_AUTORELEASING = YES;
				CLANG_WARN_BOOL_CONVERSION = YES;
				CLANG_WARN_COMMA = YES;
				CLANG_WARN_CONSTANT_CONVERSION = YES;
				CLANG_WARN_DEPRECATED_OBJC_IMPLEMENTATIONS = YES;
				CLANG_WARN_DIRECT_OBJC_ISA_USAGE = YES_ERROR;
				CLANG_WARN_DOCUMENTATION_COMMENTS = YES;
				CLANG_WARN_EMPTY_BODY = YES;
				CLANG_WARN_ENUM_CONVERSION = YES;
				CLANG_WARN_INFINITE_RECURSION = YES;
				CLANG_WARN_INT_CONVERSION = YES;
				CLANG_WARN_NON_LITERAL_NULL_CONVERSION = YES;
				CLANG_WARN_OBJC_IMPLICIT_RETAIN_SELF = YES;
				CLANG_WARN_OBJC_LITERAL_CONVERSION = YES;
				CLANG_WARN_OBJC_ROOT_CLASS = YES_ERROR;
				CLANG_WARN_RANGE_LOOP_ANALYSIS = YES;
				CLANG_WARN_STRICT_PROTOTYPES = YES;
				CLANG_WARN_SUSPICIOUS_MOVE = YES;
				CLANG_WARN_UNGUARDED_AVAILABILITY = YES_AGGRESSIVE;
				CLANG_WARN_UNREACHABLE_CODE = YES;
				CLANG_WARN__DUPLICATE_METHOD_MATCH = YES;
				CODE_SIGN_IDENTITY = "iPhone Developer";
				COPY_PHASE_STRIP = NO;
				DEBUG_INFORMATION_FORMAT = dwarf;
				ENABLE_STRICT_OBJC_MSGSEND = YES;
				ENABLE_TESTABILITY = YES;
				GCC_C_LANGUAGE_STANDARD = gnu11;
				GCC_DYNAMIC_NO_PIC = NO;
				GCC_NO_COMMON_BLOCKS = YES;
				GCC_OPTIMIZATION_LEVEL = 0;
				GCC_PREPROCESSOR_DEFINITIONS = (
					"DEBUG=1",
					"$(inherited)",
				);
				GCC_WARN_64_TO_32_BIT_CONVERSION = YES;
				GCC_WARN_ABOUT_RETURN_TYPE = YES_ERROR;
				GCC_WARN_UNDECLARED_SELECTOR = YES;
				GCC_WARN_UNINITIALIZED_AUTOS = YES_AGGRESSIVE;
				GCC_WARN_UNUSED_FUNCTION = YES;
				GCC_WARN_UNUSED_VARIABLE = YES;
				IPHONEOS_DEPLOYMENT_TARGET = 12.2;
				MTL_ENABLE_DEBUG_INFO = INCLUDE_SOURCE;
				MTL_FAST_MATH = YES;
				ONLY_ACTIVE_ARCH = YES;
				SDKROOT = iphoneos;
				SWIFT_ACTIVE_COMPILATION_CONDITIONS = DEBUG;
				SWIFT_OPTIMIZATION_LEVEL = "-Onone";
			};
			name = Debug;
		};
		4B32E0FC2291BE0A00E6601D /* Release */ = {
			isa = XCBuildConfiguration;
			buildSettings = {
				ALWAYS_SEARCH_USER_PATHS = NO;
				CLANG_ANALYZER_NONNULL = YES;
				CLANG_ANALYZER_NUMBER_OBJECT_CONVERSION = YES_AGGRESSIVE;
				CLANG_CXX_LANGUAGE_STANDARD = "gnu++14";
				CLANG_CXX_LIBRARY = "libc++";
				CLANG_ENABLE_MODULES = YES;
				CLANG_ENABLE_OBJC_ARC = YES;
				CLANG_ENABLE_OBJC_WEAK = YES;
				CLANG_WARN_BLOCK_CAPTURE_AUTORELEASING = YES;
				CLANG_WARN_BOOL_CONVERSION = YES;
				CLANG_WARN_COMMA = YES;
				CLANG_WARN_CONSTANT_CONVERSION = YES;
				CLANG_WARN_DEPRECATED_OBJC_IMPLEMENTATIONS = YES;
				CLANG_WARN_DIRECT_OBJC_ISA_USAGE = YES_ERROR;
				CLANG_WARN_DOCUMENTATION_COMMENTS = YES;
				CLANG_WARN_EMPTY_BODY = YES;
				CLANG_WARN_ENUM_CONVERSION = YES;
				CLANG_WARN_INFINITE_RECURSION = YES;
				CLANG_WARN_INT_CONVERSION = YES;
				CLANG_WARN_NON_LITERAL_NULL_CONVERSION = YES;
				CLANG_WARN_OBJC_IMPLICIT_RETAIN_SELF = YES;
				CLANG_WARN_OBJC_LITERAL_CONVERSION = YES;
				CLANG_WARN_OBJC_ROOT_CLASS = YES_ERROR;
				CLANG_WARN_RANGE_LOOP_ANALYSIS = YES;
				CLANG_WARN_STRICT_PROTOTYPES = YES;
				CLANG_WARN_SUSPICIOUS_MOVE = YES;
				CLANG_WARN_UNGUARDED_AVAILABILITY = YES_AGGRESSIVE;
				CLANG_WARN_UNREACHABLE_CODE = YES;
				CLANG_WARN__DUPLICATE_METHOD_MATCH = YES;
				CODE_SIGN_IDENTITY = "iPhone Developer";
				COPY_PHASE_STRIP = NO;
				DEBUG_INFORMATION_FORMAT = "dwarf-with-dsym";
				ENABLE_NS_ASSERTIONS = NO;
				ENABLE_STRICT_OBJC_MSGSEND = YES;
				GCC_C_LANGUAGE_STANDARD = gnu11;
				GCC_NO_COMMON_BLOCKS = YES;
				GCC_WARN_64_TO_32_BIT_CONVERSION = YES;
				GCC_WARN_ABOUT_RETURN_TYPE = YES_ERROR;
				GCC_WARN_UNDECLARED_SELECTOR = YES;
				GCC_WARN_UNINITIALIZED_AUTOS = YES_AGGRESSIVE;
				GCC_WARN_UNUSED_FUNCTION = YES;
				GCC_WARN_UNUSED_VARIABLE = YES;
				IPHONEOS_DEPLOYMENT_TARGET = 12.2;
				MTL_ENABLE_DEBUG_INFO = NO;
				MTL_FAST_MATH = YES;
				SDKROOT = iphoneos;
				SWIFT_COMPILATION_MODE = wholemodule;
				SWIFT_OPTIMIZATION_LEVEL = "-O";
				VALIDATE_PRODUCT = YES;
			};
			name = Release;
		};
		4B32E0FE2291BE0A00E6601D /* Debug */ = {
			isa = XCBuildConfiguration;
			baseConfigurationReference = AEE0E306695569D1DEF9F7B2 /* Pods-AppNotes.debug.xcconfig */;
			buildSettings = {
				ASSETCATALOG_COMPILER_APPICON_NAME = AppIcon;
				CODE_SIGN_STYLE = Automatic;
				DEVELOPMENT_TEAM = 8X375UDGCY;
				INFOPLIST_FILE = AppNotes/Info.plist;
				LD_RUNPATH_SEARCH_PATHS = (
					"$(inherited)",
					"@executable_path/Frameworks",
				);
				PRODUCT_BUNDLE_IDENTIFIER = com.alexkolinko.AppNotes;
				PRODUCT_NAME = "$(TARGET_NAME)";
				SWIFT_VERSION = 5.0;
				TARGETED_DEVICE_FAMILY = "1,2";
			};
			name = Debug;
		};
		4B32E0FF2291BE0A00E6601D /* Release */ = {
			isa = XCBuildConfiguration;
			baseConfigurationReference = 3B99D6EE3FFD8737FD7849B2 /* Pods-AppNotes.release.xcconfig */;
			buildSettings = {
				ASSETCATALOG_COMPILER_APPICON_NAME = AppIcon;
				CODE_SIGN_STYLE = Automatic;
				DEVELOPMENT_TEAM = 8X375UDGCY;
				INFOPLIST_FILE = AppNotes/Info.plist;
				LD_RUNPATH_SEARCH_PATHS = (
					"$(inherited)",
					"@executable_path/Frameworks",
				);
				PRODUCT_BUNDLE_IDENTIFIER = com.alexkolinko.AppNotes;
				PRODUCT_NAME = "$(TARGET_NAME)";
				SWIFT_VERSION = 5.0;
				TARGETED_DEVICE_FAMILY = "1,2";
			};
			name = Release;
		};
/* End XCBuildConfiguration section */

/* Begin XCConfigurationList section */
		4B32E0E62291BE0900E6601D /* Build configuration list for PBXProject "AppNotes" */ = {
			isa = XCConfigurationList;
			buildConfigurations = (
				4B32E0FB2291BE0A00E6601D /* Debug */,
				4B32E0FC2291BE0A00E6601D /* Release */,
			);
			defaultConfigurationIsVisible = 0;
			defaultConfigurationName = Release;
		};
		4B32E0FD2291BE0A00E6601D /* Build configuration list for PBXNativeTarget "AppNotes" */ = {
			isa = XCConfigurationList;
			buildConfigurations = (
				4B32E0FE2291BE0A00E6601D /* Debug */,
				4B32E0FF2291BE0A00E6601D /* Release */,
			);
			defaultConfigurationIsVisible = 0;
			defaultConfigurationName = Release;
		};
/* End XCConfigurationList section */
	};
	rootObject = 4B32E0E32291BE0900E6601D /* Project object */;
}
